
Microsoft Visual Studio Solution File, Format Version 12.00
# Visual Studio 14
VisualStudioVersion = 14.0.24720.0
MinimumVisualStudioVersion = 10.0.40219.1
Project("{2150E333-8FDC-42A3-9474-1A3956D46DE8}") = "0 - Modelagem de Entidades", "0 - Modelagem de Entidades", "{D6E70EF1-1AFF-4166-8248-4E4D6431790A}"
EndProject
Project("{2150E333-8FDC-42A3-9474-1A3956D46DE8}") = "1 - Sistema", "1 - Sistema", "{6FBFA145-5E3B-4628-8C0D-AFDFC970E75E}"
EndProject
Project("{2150E333-8FDC-42A3-9474-1A3956D46DE8}") = "1.1 - Camada de Apresentação", "1.1 - Camada de Apresentação", "{5EA4684E-A250-43A3-BA48-5CA1B90CB0DE}"
EndProject
Project("{2150E333-8FDC-42A3-9474-1A3956D46DE8}") = "1.2 - Camada de Aplicação", "1.2 - Camada de Aplicação", "{862F6204-D9BD-4DFE-AD17-A3808EC31650}"
EndProject
Project("{2150E333-8FDC-42A3-9474-1A3956D46DE8}") = "1.3 - Camada de Dominio", "1.3 - Camada de Dominio", "{08622159-ECFF-42A5-AD27-D402555FDAE3}"
EndProject
Project("{2150E333-8FDC-42A3-9474-1A3956D46DE8}") = "1.4 - Camada de InfraEstrutura", "1.4 - Camada de InfraEstrutura", "{74D8608B-A821-4CBE-AB7C-E129EFBBB71D}"
EndProject
Project("{FAE04EC0-301F-11D3-BF4B-00C04F79EFBC}") = "Projeto.Entidades", "Projeto.Entidades\Projeto.Entidades.csproj", "{8E13B3BF-60DC-482C-8280-859AC9019B0D}"
EndProject
Project("{FAE04EC0-301F-11D3-BF4B-00C04F79EFBC}") = "Projeto.Dominio", "Projeto.Dominio\Projeto.Dominio.csproj", "{2275DCE5-5D61-44F3-B696-97D3785AD7A4}"
EndProject
Project("{2150E333-8FDC-42A3-9474-1A3956D46DE8}") = "1.4.1 - Repositorio de dados", "1.4.1 - Repositorio de dados", "{9925F578-0A59-4976-95B5-6996004257BB}"
EndProject
Project("{FAE04EC0-301F-11D3-BF4B-00C04F79EFBC}") = "Projeto.Infra.Repositorio", "Projeto.Infra.Repositorio\Projeto.Infra.Repositorio.csproj", "{9DC8580E-86B2-492B-9484-76C9A2D1367E}"
EndProject
Project("{FAE04EC0-301F-11D3-BF4B-00C04F79EFBC}") = "Projeto.Aplicacao", "Projeto.Aplicacao\Projeto.Aplicacao.csproj", "{245475D3-84D6-42D1-81F9-73A3E398B770}"
EndProject
Project("{FAE04EC0-301F-11D3-BF4B-00C04F79EFBC}") = "Projeto.Apresentacao", "Projeto.Apresentacao\Projeto.Apresentacao.csproj", "{A4CF18ED-CD33-4573-849C-C9FEE24F5388}"
EndProject
Project("{2150E333-8FDC-42A3-9474-1A3956D46DE8}") = "1.4.2 - Utilitarios", "1.4.2 - Utilitarios", "{9D932FA7-CB31-4BC2-8652-C9595022280E}"
EndProject
Project("{FAE04EC0-301F-11D3-BF4B-00C04F79EFBC}") = "Projeto.Infra.Util", "Projeto.Util\Projeto.Infra.Util.csproj", "{E26698F9-D5DA-44A0-9331-A8936C0DC249}"
EndProject
Global
	GlobalSection(SolutionConfigurationPlatforms) = preSolution
		Debug|Any CPU = Debug|Any CPU
		Release|Any CPU = Release|Any CPU
	EndGlobalSection
	GlobalSection(ProjectConfigurationPlatforms) = postSolution
		{8E13B3BF-60DC-482C-8280-859AC9019B0D}.Debug|Any CPU.ActiveCfg = Debug|Any CPU
		{8E13B3BF-60DC-482C-8280-859AC9019B0D}.Debug|Any CPU.Build.0 = Debug|Any CPU
		{8E13B3BF-60DC-482C-8280-859AC9019B0D}.Release|Any CPU.ActiveCfg = Release|Any CPU
		{8E13B3BF-60DC-482C-8280-859AC9019B0D}.Release|Any CPU.Build.0 = Release|Any CPU
		{2275DCE5-5D61-44F3-B696-97D3785AD7A4}.Debug|Any CPU.ActiveCfg = Debug|Any CPU
		{2275DCE5-5D61-44F3-B696-97D3785AD7A4}.Debug|Any CPU.Build.0 = Debug|Any CPU
		{2275DCE5-5D61-44F3-B696-97D3785AD7A4}.Release|Any CPU.ActiveCfg = Release|Any CPU
		{2275DCE5-5D61-44F3-B696-97D3785AD7A4}.Release|Any CPU.Build.0 = Release|Any CPU
		{9DC8580E-86B2-492B-9484-76C9A2D1367E}.Debug|Any CPU.ActiveCfg = Debug|Any CPU
		{9DC8580E-86B2-492B-9484-76C9A2D1367E}.Debug|Any CPU.Build.0 = Debug|Any CPU
		{9DC8580E-86B2-492B-9484-76C9A2D1367E}.Release|Any CPU.ActiveCfg = Release|Any CPU
		{9DC8580E-86B2-492B-9484-76C9A2D1367E}.Release|Any CPU.Build.0 = Release|Any CPU
		{245475D3-84D6-42D1-81F9-73A3E398B770}.Debug|Any CPU.ActiveCfg = Debug|Any CPU
		{245475D3-84D6-42D1-81F9-73A3E398B770}.Debug|Any CPU.Build.0 = Debug|Any CPU
		{245475D3-84D6-42D1-81F9-73A3E398B770}.Release|Any CPU.ActiveCfg = Release|Any CPU
		{245475D3-84D6-42D1-81F9-73A3E398B770}.Release|Any CPU.Build.0 = Release|Any CPU
		{A4CF18ED-CD33-4573-849C-C9FEE24F5388}.Debug|Any CPU.ActiveCfg = Debug|Any CPU
		{A4CF18ED-CD33-4573-849C-C9FEE24F5388}.Debug|Any CPU.Build.0 = Debug|Any CPU
		{A4CF18ED-CD33-4573-849C-C9FEE24F5388}.Release|Any CPU.ActiveCfg = Release|Any CPU
		{A4CF18ED-CD33-4573-849C-C9FEE24F5388}.Release|Any CPU.Build.0 = Release|Any CPU
		{E26698F9-D5DA-44A0-9331-A8936C0DC249}.Debug|Any CPU.ActiveCfg = Debug|Any CPU
		{E26698F9-D5DA-44A0-9331-A8936C0DC249}.Debug|Any CPU.Build.0 = Debug|Any CPU
		{E26698F9-D5DA-44A0-9331-A8936C0DC249}.Release|Any CPU.ActiveCfg = Release|Any CPU
		{E26698F9-D5DA-44A0-9331-A8936C0DC249}.Release|Any CPU.Build.0 = Release|Any CPU
	EndGlobalSection
	GlobalSection(SolutionProperties) = preSolution
		HideSolutionNode = FALSE
	EndGlobalSection
	GlobalSection(NestedProjects) = preSolution
		{5EA4684E-A250-43A3-BA48-5CA1B90CB0DE} = {6FBFA145-5E3B-4628-8C0D-AFDFC970E75E}
		{862F6204-D9BD-4DFE-AD17-A3808EC31650} = {6FBFA145-5E3B-4628-8C0D-AFDFC970E75E}
		{08622159-ECFF-42A5-AD27-D402555FDAE3} = {6FBFA145-5E3B-4628-8C0D-AFDFC970E75E}
		{74D8608B-A821-4CBE-AB7C-E129EFBBB71D} = {6FBFA145-5E3B-4628-8C0D-AFDFC970E75E}
		{8E13B3BF-60DC-482C-8280-859AC9019B0D} = {D6E70EF1-1AFF-4166-8248-4E4D6431790A}
		{2275DCE5-5D61-44F3-B696-97D3785AD7A4} = {08622159-ECFF-42A5-AD27-D402555FDAE3}
		{9925F578-0A59-4976-95B5-6996004257BB} = {74D8608B-A821-4CBE-AB7C-E129EFBBB71D}
		{9DC8580E-86B2-492B-9484-76C9A2D1367E} = {9925F578-0A59-4976-95B5-6996004257BB}
		{245475D3-84D6-42D1-81F9-73A3E398B770} = {862F6204-D9BD-4DFE-AD17-A3808EC31650}
		{A4CF18ED-CD33-4573-849C-C9FEE24F5388} = {5EA4684E-A250-43A3-BA48-5CA1B90CB0DE}
		{9D932FA7-CB31-4BC2-8652-C9595022280E} = {74D8608B-A821-4CBE-AB7C-E129EFBBB71D}
		{E26698F9-D5DA-44A0-9331-A8936C0DC249} = {9D932FA7-CB31-4BC2-8652-C9595022280E}
	EndGlobalSection
EndGlobal
